
Microsoft Visual Studio Solution File, Format Version 12.00
# Visual Studio Version 17
VisualStudioVersion = 17.7.34031.279
MinimumVisualStudioVersion = 10.0.40219.1
Project("{FAE04EC0-301F-11D3-BF4B-00C04F79EFBC}") = "Punto_De_Silla", "Punto_De_Silla\Punto_De_Silla.csproj", "{22B0484E-419B-4FA9-B679-F92F3530EDB9}"
EndProject
Global
	GlobalSection(SolutionConfigurationPlatforms) = preSolution
		Debug|Any CPU = Debug|Any CPU
		Release|Any CPU = Release|Any CPU
	EndGlobalSection
	GlobalSection(ProjectConfigurationPlatforms) = postSolution
		{22B0484E-419B-4FA9-B679-F92F3530EDB9}.Debug|Any CPU.ActiveCfg = Debug|Any CPU
		{22B0484E-419B-4FA9-B679-F92F3530EDB9}.Debug|Any CPU.Build.0 = Debug|Any CPU
		{22B0484E-419B-4FA9-B679-F92F3530EDB9}.Release|Any CPU.ActiveCfg = Release|Any CPU
		{22B0484E-419B-4FA9-B679-F92F3530EDB9}.Release|Any CPU.Build.0 = Release|Any CPU
	EndGlobalSection
	GlobalSection(SolutionProperties) = preSolution
		HideSolutionNode = FALSE
	EndGlobalSection
	GlobalSection(ExtensibilityGlobals) = postSolution
		SolutionGuid = {278A23D5-5833-4B62-AF53-AACECFA51900}
	EndGlobalSection
EndGlobal
