
Microsoft Visual Studio Solution File, Format Version 12.00
# Visual Studio Version 17
VisualStudioVersion = 17.7.34031.279
MinimumVisualStudioVersion = 10.0.40219.1
Project("{FAE04EC0-301F-11D3-BF4B-00C04F79EFBC}") = "Ejercicio_Herencia_y_modificadores_de_acceso", "Ejercicio_Herencia_y_modificadores_de_acceso\Ejercicio_Herencia_y_modificadores_de_acceso.csproj", "{7B701582-1FB3-45F9-86EC-6C215EE800A5}"
EndProject
Global
	GlobalSection(SolutionConfigurationPlatforms) = preSolution
		Debug|Any CPU = Debug|Any CPU
		Release|Any CPU = Release|Any CPU
	EndGlobalSection
	GlobalSection(ProjectConfigurationPlatforms) = postSolution
		{7B701582-1FB3-45F9-86EC-6C215EE800A5}.Debug|Any CPU.ActiveCfg = Debug|Any CPU
		{7B701582-1FB3-45F9-86EC-6C215EE800A5}.Debug|Any CPU.Build.0 = Debug|Any CPU
		{7B701582-1FB3-45F9-86EC-6C215EE800A5}.Release|Any CPU.ActiveCfg = Release|Any CPU
		{7B701582-1FB3-45F9-86EC-6C215EE800A5}.Release|Any CPU.Build.0 = Release|Any CPU
	EndGlobalSection
	GlobalSection(SolutionProperties) = preSolution
		HideSolutionNode = FALSE
	EndGlobalSection
	GlobalSection(ExtensibilityGlobals) = postSolution
		SolutionGuid = {F3A0893E-F12F-49B7-98DE-FE29B68D0FDE}
	EndGlobalSection
EndGlobal
