
Microsoft Visual Studio Solution File, Format Version 12.00
# Visual Studio Version 17
VisualStudioVersion = 17.7.34031.279
MinimumVisualStudioVersion = 10.0.40219.1
Project("{FAE04EC0-301F-11D3-BF4B-00C04F79EFBC}") = "David_Martinez_Seto_Examen", "David_Martinez_Seto_Examen\David_Martinez_Seto_Examen.csproj", "{6A1469AD-552E-4763-B8FF-18D77316CCF6}"
EndProject
Project("{FAE04EC0-301F-11D3-BF4B-00C04F79EFBC}") = "Ejercicio1", "Ejercicio1\Ejercicio1.csproj", "{B7810469-7EA8-4118-8590-1C3CDAF1C109}"
EndProject
Project("{FAE04EC0-301F-11D3-BF4B-00C04F79EFBC}") = "Ejercicio2", "Ejercicio2\Ejercicio2.csproj", "{F9420CEC-C7C8-4A3E-9380-D9A92F3424EE}"
EndProject
Global
	GlobalSection(SolutionConfigurationPlatforms) = preSolution
		Debug|Any CPU = Debug|Any CPU
		Release|Any CPU = Release|Any CPU
	EndGlobalSection
	GlobalSection(ProjectConfigurationPlatforms) = postSolution
		{6A1469AD-552E-4763-B8FF-18D77316CCF6}.Debug|Any CPU.ActiveCfg = Debug|Any CPU
		{6A1469AD-552E-4763-B8FF-18D77316CCF6}.Debug|Any CPU.Build.0 = Debug|Any CPU
		{6A1469AD-552E-4763-B8FF-18D77316CCF6}.Release|Any CPU.ActiveCfg = Release|Any CPU
		{6A1469AD-552E-4763-B8FF-18D77316CCF6}.Release|Any CPU.Build.0 = Release|Any CPU
		{B7810469-7EA8-4118-8590-1C3CDAF1C109}.Debug|Any CPU.ActiveCfg = Debug|Any CPU
		{B7810469-7EA8-4118-8590-1C3CDAF1C109}.Debug|Any CPU.Build.0 = Debug|Any CPU
		{B7810469-7EA8-4118-8590-1C3CDAF1C109}.Release|Any CPU.ActiveCfg = Release|Any CPU
		{B7810469-7EA8-4118-8590-1C3CDAF1C109}.Release|Any CPU.Build.0 = Release|Any CPU
		{F9420CEC-C7C8-4A3E-9380-D9A92F3424EE}.Debug|Any CPU.ActiveCfg = Debug|Any CPU
		{F9420CEC-C7C8-4A3E-9380-D9A92F3424EE}.Debug|Any CPU.Build.0 = Debug|Any CPU
		{F9420CEC-C7C8-4A3E-9380-D9A92F3424EE}.Release|Any CPU.ActiveCfg = Release|Any CPU
		{F9420CEC-C7C8-4A3E-9380-D9A92F3424EE}.Release|Any CPU.Build.0 = Release|Any CPU
	EndGlobalSection
	GlobalSection(SolutionProperties) = preSolution
		HideSolutionNode = FALSE
	EndGlobalSection
	GlobalSection(ExtensibilityGlobals) = postSolution
		SolutionGuid = {61AFE68A-1FCF-4A76-AF82-A95474F1B0F1}
	EndGlobalSection
EndGlobal
