
Microsoft Visual Studio Solution File, Format Version 12.00
# Visual Studio Version 17
VisualStudioVersion = 17.7.34031.279
MinimumVisualStudioVersion = 10.0.40219.1
Project("{FAE04EC0-301F-11D3-BF4B-00C04F79EFBC}") = "Tema2Ejercicio5b_DiccionarioaParImpar", "Tema2Ejercicio5b_DiccionarioaParImpar\Tema2Ejercicio5b_DiccionarioaParImpar.csproj", "{8B3FA981-B70C-436C-8B3F-53DF9D2136E1}"
EndProject
Global
	GlobalSection(SolutionConfigurationPlatforms) = preSolution
		Debug|Any CPU = Debug|Any CPU
		Release|Any CPU = Release|Any CPU
	EndGlobalSection
	GlobalSection(ProjectConfigurationPlatforms) = postSolution
		{8B3FA981-B70C-436C-8B3F-53DF9D2136E1}.Debug|Any CPU.ActiveCfg = Debug|Any CPU
		{8B3FA981-B70C-436C-8B3F-53DF9D2136E1}.Debug|Any CPU.Build.0 = Debug|Any CPU
		{8B3FA981-B70C-436C-8B3F-53DF9D2136E1}.Release|Any CPU.ActiveCfg = Release|Any CPU
		{8B3FA981-B70C-436C-8B3F-53DF9D2136E1}.Release|Any CPU.Build.0 = Release|Any CPU
	EndGlobalSection
	GlobalSection(SolutionProperties) = preSolution
		HideSolutionNode = FALSE
	EndGlobalSection
	GlobalSection(ExtensibilityGlobals) = postSolution
		SolutionGuid = {47CF6D6A-02D3-4EC1-A43F-8B2D44FD6991}
	EndGlobalSection
EndGlobal
